// !$*UTF8*$!
{
	archiveVersion = 1;
	classes = {
	};
	objectVersion = 50;
	objects = {

/* Begin PBXBuildFile section */
		1CB3B61925D227F000004E19 /* AppDelegate.m in Sources */ = {isa = PBXBuildFile; fileRef = 1CB3B61825D227F000004E19 /* AppDelegate.m */; };
		1CB3B61C25D227F000004E19 /* SceneDelegate.m in Sources */ = {isa = PBXBuildFile; fileRef = 1CB3B61B25D227F000004E19 /* SceneDelegate.m */; };
		1CB3B61F25D227F000004E19 /* ViewController.m in Sources */ = {isa = PBXBuildFile; fileRef = 1CB3B61E25D227F000004E19 /* ViewController.m */; };
		1CB3B62225D227F000004E19 /* Main.storyboard in Resources */ = {isa = PBXBuildFile; fileRef = 1CB3B62025D227F000004E19 /* Main.storyboard */; };
		1CB3B62425D227F000004E19 /* Assets.xcassets in Resources */ = {isa = PBXBuildFile; fileRef = 1CB3B62325D227F000004E19 /* Assets.xcassets */; };
		1CB3B62725D227F000004E19 /* LaunchScreen.storyboard in Resources */ = {isa = PBXBuildFile; fileRef = 1CB3B62525D227F000004E19 /* LaunchScreen.storyboard */; };
		1CB3B62A25D227F000004E19 /* main.m in Sources */ = {isa = PBXBuildFile; fileRef = 1CB3B62925D227F000004E19 /* main.m */; };
		1CB3B63325D2286B00004E19 /* DragView.m in Sources */ = {isa = PBXBuildFile; fileRef = 1CB3B63225D2286B00004E19 /* DragView.m */; };
/* End PBXBuildFile section */

/* Begin PBXFileReference section */
		1CB3B61425D227F000004E19 /* DragViewDome.app */ = {isa = PBXFileReference; explicitFileType = wrapper.application; includeInIndex = 0; path = DragViewDome.app; sourceTree = BUILT_PRODUCTS_DIR; };
		1CB3B61725D227F000004E19 /* AppDelegate.h */ = {isa = PBXFileReference; lastKnownFileType = sourcecode.c.h; path = AppDelegate.h; sourceTree = "<group>"; };
		1CB3B61825D227F000004E19 /* AppDelegate.m */ = {isa = PBXFileReference; lastKnownFileType = sourcecode.c.objc; path = AppDelegate.m; sourceTree = "<group>"; };
		1CB3B61A25D227F000004E19 /* SceneDelegate.h */ = {isa = PBXFileReference; lastKnownFileType = sourcecode.c.h; path = SceneDelegate.h; sourceTree = "<group>"; };
		1CB3B61B25D227F000004E19 /* SceneDelegate.m */ = {isa = PBXFileReference; lastKnownFileType = sourcecode.c.objc; path = SceneDelegate.m; sourceTree = "<group>"; };
		1CB3B61D25D227F000004E19 /* ViewController.h */ = {isa = PBXFileReference; lastKnownFileType = sourcecode.c.h; path = ViewController.h; sourceTree = "<group>"; };
		1CB3B61E25D227F000004E19 /* ViewController.m */ = {isa = PBXFileReference; lastKnownFileType = sourcecode.c.objc; path = ViewController.m; sourceTree = "<group>"; };
		1CB3B62125D227F000004E19 /* Base */ = {isa = PBXFileReference; lastKnownFileType = file.storyboard; name = Base; path = Base.lproj/Main.storyboard; sourceTree = "<group>"; };
		1CB3B62325D227F000004E19 /* Assets.xcassets */ = {isa = PBXFileReference; lastKnownFileType = folder.assetcatalog; path = Assets.xcassets; sourceTree = "<group>"; };
		1CB3B62625D227F000004E19 /* Base */ = {isa = PBXFileReference; lastKnownFileType = file.storyboard; name = Base; path = Base.lproj/LaunchScreen.storyboard; sourceTree = "<group>"; };
		1CB3B62825D227F000004E19 /* Info.plist */ = {isa = PBXFileReference; lastKnownFileType = text.plist.xml; path = Info.plist; sourceTree = "<group>"; };
		1CB3B62925D227F000004E19 /* main.m */ = {isa = PBXFileReference; lastKnownFileType = sourcecode.c.objc; path = main.m; sourceTree = "<group>"; };
		1CB3B63125D2286B00004E19 /* DragView.h */ = {isa = PBXFileReference; lastKnownFileType = sourcecode.c.h; path = DragView.h; sourceTree = "<group>"; };
		1CB3B63225D2286B00004E19 /* DragView.m */ = {isa = PBXFileReference; lastKnownFileType = sourcecode.c.objc; path = DragView.m; sourceTree = "<group>"; };
/* End PBXFileReference section */

/* Begin PBXFrameworksBuildPhase section */
		1CB3B61125D227F000004E19 /* Frameworks */ = {
			isa = PBXFrameworksBuildPhase;
			buildActionMask = 2147483647;
			files = (
			);
			runOnlyForDeploymentPostprocessing = 0;
		};
/* End PBXFrameworksBuildPhase section */

/* Begin PBXGroup section */
		1CB3B60B25D227F000004E19 = {
			isa = PBXGroup;
			children = (
				1CB3B61625D227F000004E19 /* DragViewDome */,
				1CB3B61525D227F000004E19 /* Products */,
			);
			sourceTree = "<group>";
		};
		1CB3B61525D227F000004E19 /* Products */ = {
			isa = PBXGroup;
			children = (
				1CB3B61425D227F000004E19 /* DragViewDome.app */,
			);
			name = Products;
			sourceTree = "<group>";
		};
		1CB3B61625D227F000004E19 /* DragViewDome */ = {
			isa = PBXGroup;
			children = (
				1CB3B61725D227F000004E19 /* AppDelegate.h */,
				1CB3B61825D227F000004E19 /* AppDelegate.m */,
				1CB3B61A25D227F000004E19 /* SceneDelegate.h */,
				1CB3B61B25D227F000004E19 /* SceneDelegate.m */,
				1CB3B61D25D227F000004E19 /* ViewController.h */,
				1CB3B61E25D227F000004E19 /* ViewController.m */,
				1CB3B62025D227F000004E19 /* Main.storyboard */,
				1CB3B62325D227F000004E19 /* Assets.xcassets */,
				1CB3B62525D227F000004E19 /* LaunchScreen.storyboard */,
				1CB3B62825D227F000004E19 /* Info.plist */,
				1CB3B62925D227F000004E19 /* main.m */,
				1CB3B63125D2286B00004E19 /* DragView.h */,
				1CB3B63225D2286B00004E19 /* DragView.m */,
			);
			path = DragViewDome;
			sourceTree = "<group>";
		};
/* End PBXGroup section */

/* Begin PBXNativeTarget section */
		1CB3B61325D227F000004E19 /* DragViewDome */ = {
			isa = PBXNativeTarget;
			buildConfigurationList = 1CB3B62D25D227F100004E19 /* Build configuration list for PBXNativeTarget "DragViewDome" */;
			buildPhases = (
				1CB3B61025D227F000004E19 /* Sources */,
				1CB3B61125D227F000004E19 /* Frameworks */,
				1CB3B61225D227F000004E19 /* Resources */,
			);
			buildRules = (
			);
			dependencies = (
			);
			name = DragViewDome;
			productName = DragViewDome;
			productReference = 1CB3B61425D227F000004E19 /* DragViewDome.app */;
			productType = "com.apple.product-type.application";
		};
/* End PBXNativeTarget section */

/* Begin PBXProject section */
		1CB3B60C25D227F000004E19 /* Project object */ = {
			isa = PBXProject;
			attributes = {
				LastUpgradeCheck = 1240;
				TargetAttributes = {
					1CB3B61325D227F000004E19 = {
						CreatedOnToolsVersion = 12.4;
					};
				};
			};
			buildConfigurationList = 1CB3B60F25D227F000004E19 /* Build configuration list for PBXProject "DragViewDome" */;
			compatibilityVersion = "Xcode 9.3";
			developmentRegion = en;
			hasScannedForEncodings = 0;
			knownRegions = (
				en,
				Base,
			);
			mainGroup = 1CB3B60B25D227F000004E19;
			productRefGroup = 1CB3B61525D227F000004E19 /* Products */;
			projectDirPath = "";
			projectRoot = "";
			targets = (
				1CB3B61325D227F000004E19 /* DragViewDome */,
			);
		};
/* End PBXProject section */

/* Begin PBXResourcesBuildPhase section */
		1CB3B61225D227F000004E19 /* Resources */ = {
			isa = PBXResourcesBuildPhase;
			buildActionMask = 2147483647;
			files = (
				1CB3B62725D227F000004E19 /* LaunchScreen.storyboard in Resources */,
				1CB3B62425D227F000004E19 /* Assets.xcassets in Resources */,
				1CB3B62225D227F000004E19 /* Main.storyboard in Resources */,
			);
			runOnlyForDeploymentPostprocessing = 0;
		};
/* End PBXResourcesBuildPhase section */

/* Begin PBXSourcesBuildPhase section */
		1CB3B61025D227F000004E19 /* Sources */ = {
			isa = PBXSourcesBuildPhase;
			buildActionMask = 2147483647;
			files = (
				1CB3B61F25D227F000004E19 /* ViewController.m in Sources */,
				1CB3B61925D227F000004E19 /* AppDelegate.m in Sources */,
				1CB3B62A25D227F000004E19 /* main.m in Sources */,
				1CB3B61C25D227F000004E19 /* SceneDelegate.m in Sources */,
				1CB3B63325D2286B00004E19 /* DragView.m in Sources */,
			);
			runOnlyForDeploymentPostprocessing = 0;
		};
/* End PBXSourcesBuildPhase section */

/* Begin PBXVariantGroup section */
		1CB3B62025D227F000004E19 /* Main.storyboard */ = {
			isa = PBXVariantGroup;
			children = (
				1CB3B62125D227F000004E19 /* Base */,
			);
			name = Main.storyboard;
			sourceTree = "<group>";
		};
		1CB3B62525D227F000004E19 /* LaunchScreen.storyboard */ = {
			isa = PBXVariantGroup;
			children = (
				1CB3B62625D227F000004E19 /* Base */,
			);
			name = LaunchScreen.storyboard;
			sourceTree = "<group>";
		};
/* End PBXVariantGroup section */

/* Begin XCBuildConfiguration section */
		1CB3B62B25D227F000004E19 /* Debug */ = {
			isa = XCBuildConfiguration;
			buildSettings = {
				ALWAYS_SEARCH_USER_PATHS = NO;
				CLANG_ANALYZER_NONNULL = YES;
				CLANG_ANALYZER_NUMBER_OBJECT_CONVERSION = YES_AGGRESSIVE;
				CLANG_CXX_LANGUAGE_STANDARD = "gnu++14";
				CLANG_CXX_LIBRARY = "libc++";
				CLANG_ENABLE_MODULES = YES;
				CLANG_ENABLE_OBJC_ARC = YES;
				CLANG_ENABLE_OBJC_WEAK = YES;
				CLANG_WARN_BLOCK_CAPTURE_AUTORELEASING = YES;
				CLANG_WARN_BOOL_CONVERSION = YES;
				CLANG_WARN_COMMA = YES;
				CLANG_WARN_CONSTANT_CONVERSION = YES;
				CLANG_WARN_DEPRECATED_OBJC_IMPLEMENTATIONS = YES;
				CLANG_WARN_DIRECT_OBJC_ISA_USAGE = YES_ERROR;
				CLANG_WARN_DOCUMENTATION_COMMENTS = YES;
				CLANG_WARN_EMPTY_BODY = YES;
				CLANG_WARN_ENUM_CONVERSION = YES;
				CLANG_WARN_INFINITE_RECURSION = YES;
				CLANG_WARN_INT_CONVERSION = YES;
				CLANG_WARN_NON_LITERAL_NULL_CONVERSION = YES;
				CLANG_WARN_OBJC_IMPLICIT_RETAIN_SELF = YES;
				CLANG_WARN_OBJC_LITERAL_CONVERSION = YES;
				CLANG_WARN_OBJC_ROOT_CLASS = YES_ERROR;
				CLANG_WARN_QUOTED_INCLUDE_IN_FRAMEWORK_HEADER = YES;
				CLANG_WARN_RANGE_LOOP_ANALYSIS = YES;
				CLANG_WARN_STRICT_PROTOTYPES = YES;
				CLANG_WARN_SUSPICIOUS_MOVE = YES;
				CLANG_WARN_UNGUARDED_AVAILABILITY = YES_AGGRESSIVE;
				CLANG_WARN_UNREACHABLE_CODE = YES;
				CLANG_WARN__DUPLICATE_METHOD_MATCH = YES;
				COPY_PHASE_STRIP = NO;
				DEBUG_INFORMATION_FORMAT = dwarf;
				ENABLE_STRICT_OBJC_MSGSEND = YES;
				ENABLE_TESTABILITY = YES;
				GCC_C_LANGUAGE_STANDARD = gnu11;
				GCC_DYNAMIC_NO_PIC = NO;
				GCC_NO_COMMON_BLOCKS = YES;
				GCC_OPTIMIZATION_LEVEL = 0;
				GCC_PREPROCESSOR_DEFINITIONS = (
					"DEBUG=1",
					"$(inherited)",
				);
				GCC_WARN_64_TO_32_BIT_CONVERSION = YES;
				GCC_WARN_ABOUT_RETURN_TYPE = YES_ERROR;
				GCC_WARN_UNDECLARED_SELECTOR = YES;
				GCC_WARN_UNINITIALIZED_AUTOS = YES_AGGRESSIVE;
				GCC_WARN_UNUSED_FUNCTION = YES;
				GCC_WARN_UNUSED_VARIABLE = YES;
				IPHONEOS_DEPLOYMENT_TARGET = 14.4;
				MTL_ENABLE_DEBUG_INFO = INCLUDE_SOURCE;
				MTL_FAST_MATH = YES;
				ONLY_ACTIVE_ARCH = YES;
				SDKROOT = iphoneos;
			};
			name = Debug;
		};
		1CB3B62C25D227F000004E19 /* Release */ = {
			isa = XCBuildConfiguration;
			buildSettings = {
				ALWAYS_SEARCH_USER_PATHS = NO;
				CLANG_ANALYZER_NONNULL = YES;
				CLANG_ANALYZER_NUMBER_OBJECT_CONVERSION = YES_AGGRESSIVE;
				CLANG_CXX_LANGUAGE_STANDARD = "gnu++14";
				CLANG_CXX_LIBRARY = "libc++";
				CLANG_ENABLE_MODULES = YES;
				CLANG_ENABLE_OBJC_ARC = YES;
				CLANG_ENABLE_OBJC_WEAK = YES;
				CLANG_WARN_BLOCK_CAPTURE_AUTORELEASING = YES;
				CLANG_WARN_BOOL_CONVERSION = YES;
				CLANG_WARN_COMMA = YES;
				CLANG_WARN_CONSTANT_CONVERSION = YES;
				CLANG_WARN_DEPRECATED_OBJC_IMPLEMENTATIONS = YES;
				CLANG_WARN_DIRECT_OBJC_ISA_USAGE = YES_ERROR;
				CLANG_WARN_DOCUMENTATION_COMMENTS = YES;
				CLANG_WARN_EMPTY_BODY = YES;
				CLANG_WARN_ENUM_CONVERSION = YES;
				CLANG_WARN_INFINITE_RECURSION = YES;
				CLANG_WARN_INT_CONVERSION = YES;
				CLANG_WARN_NON_LITERAL_NULL_CONVERSION = YES;
				CLANG_WARN_OBJC_IMPLICIT_RETAIN_SELF = YES;
				CLANG_WARN_OBJC_LITERAL_CONVERSION = YES;
				CLANG_WARN_OBJC_ROOT_CLASS = YES_ERROR;
				CLANG_WARN_QUOTED_INCLUDE_IN_FRAMEWORK_HEADER = YES;
				CLANG_WARN_RANGE_LOOP_ANALYSIS = YES;
				CLANG_WARN_STRICT_PROTOTYPES = YES;
				CLANG_WARN_SUSPICIOUS_MOVE = YES;
				CLANG_WARN_UNGUARDED_AVAILABILITY = YES_AGGRESSIVE;
				CLANG_WARN_UNREACHABLE_CODE = YES;
				CLANG_WARN__DUPLICATE_METHOD_MATCH = YES;
				COPY_PHASE_STRIP = NO;
				DEBUG_INFORMATION_FORMAT = "dwarf-with-dsym";
				ENABLE_NS_ASSERTIONS = NO;
				ENABLE_STRICT_OBJC_MSGSEND = YES;
				GCC_C_LANGUAGE_STANDARD = gnu11;
				GCC_NO_COMMON_BLOCKS = YES;
				GCC_WARN_64_TO_32_BIT_CONVERSION = YES;
				GCC_WARN_ABOUT_RETURN_TYPE = YES_ERROR;
				GCC_WARN_UNDECLARED_SELECTOR = YES;
				GCC_WARN_UNINITIALIZED_AUTOS = YES_AGGRESSIVE;
				GCC_WARN_UNUSED_FUNCTION = YES;
				GCC_WARN_UNUSED_VARIABLE = YES;
				IPHONEOS_DEPLOYMENT_TARGET = 14.4;
				MTL_ENABLE_DEBUG_INFO = NO;
				MTL_FAST_MATH = YES;
				SDKROOT = iphoneos;
				VALIDATE_PRODUCT = YES;
			};
			name = Release;
		};
		1CB3B62E25D227F100004E19 /* Debug */ = {
			isa = XCBuildConfiguration;
			buildSettings = {
				ASSETCATALOG_COMPILER_APPICON_NAME = AppIcon;
				ASSETCATALOG_COMPILER_GLOBAL_ACCENT_COLOR_NAME = AccentColor;
				CODE_SIGN_STYLE = Automatic;
				INFOPLIST_FILE = DragViewDome/Info.plist;
				LD_RUNPATH_SEARCH_PATHS = (
					"$(inherited)",
					"@executable_path/Frameworks",
				);
				PRODUCT_BUNDLE_IDENTIFIER = com.test.DragViewDome;
				PRODUCT_NAME = "$(TARGET_NAME)";
				TARGETED_DEVICE_FAMILY = "1,2";
			};
			name = Debug;
		};
		1CB3B62F25D227F100004E19 /* Release */ = {
			isa = XCBuildConfiguration;
			buildSettings = {
				ASSETCATALOG_COMPILER_APPICON_NAME = AppIcon;
				ASSETCATALOG_COMPILER_GLOBAL_ACCENT_COLOR_NAME = AccentColor;
				CODE_SIGN_STYLE = Automatic;
				INFOPLIST_FILE = DragViewDome/Info.plist;
				LD_RUNPATH_SEARCH_PATHS = (
					"$(inherited)",
					"@executable_path/Frameworks",
				);
				PRODUCT_BUNDLE_IDENTIFIER = com.test.DragViewDome;
				PRODUCT_NAME = "$(TARGET_NAME)";
				TARGETED_DEVICE_FAMILY = "1,2";
			};
			name = Release;
		};
/* End XCBuildConfiguration section */

/* Begin XCConfigurationList section */
		1CB3B60F25D227F000004E19 /* Build configuration list for PBXProject "DragViewDome" */ = {
			isa = XCConfigurationList;
			buildConfigurations = (
				1CB3B62B25D227F000004E19 /* Debug */,
				1CB3B62C25D227F000004E19 /* Release */,
			);
			defaultConfigurationIsVisible = 0;
			defaultConfigurationName = Release;
		};
		1CB3B62D25D227F100004E19 /* Build configuration list for PBXNativeTarget "DragViewDome" */ = {
			isa = XCConfigurationList;
			buildConfigurations = (
				1CB3B62E25D227F100004E19 /* Debug */,
				1CB3B62F25D227F100004E19 /* Release */,
			);
			defaultConfigurationIsVisible = 0;
			defaultConfigurationName = Release;
		};
/* End XCConfigurationList section */
	};
	rootObject = 1CB3B60C25D227F000004E19 /* Project object */;
}
